
Microsoft Visual Studio Solution File, Format Version 12.00
# Visual Studio Version 17
VisualStudioVersion = 17.14.36623.8 d17.14
MinimumVisualStudioVersion = 10.0.40219.1
Project("{FAE04EC0-301F-11D3-BF4B-00C04F79EFBC}") = "AccountManagement", "AccountManagement\AccountManagement.csproj", "{90D6F2BC-DCD3-4C52-862E-1B83005B91AE}"
EndProject
Global
	GlobalSection(SolutionConfigurationPlatforms) = preSolution
		Debug|Any CPU = Debug|Any CPU
		Release|Any CPU = Release|Any CPU
	EndGlobalSection
	GlobalSection(ProjectConfigurationPlatforms) = postSolution
		{90D6F2BC-DCD3-4C52-862E-1B83005B91AE}.Debug|Any CPU.ActiveCfg = Debug|Any CPU
		{90D6F2BC-DCD3-4C52-862E-1B83005B91AE}.Debug|Any CPU.Build.0 = Debug|Any CPU
		{90D6F2BC-DCD3-4C52-862E-1B83005B91AE}.Release|Any CPU.ActiveCfg = Release|Any CPU
		{90D6F2BC-DCD3-4C52-862E-1B83005B91AE}.Release|Any CPU.Build.0 = Release|Any CPU
	EndGlobalSection
	GlobalSection(SolutionProperties) = preSolution
		HideSolutionNode = FALSE
	EndGlobalSection
	GlobalSection(ExtensibilityGlobals) = postSolution
		SolutionGuid = {A6CF1190-BD72-41D8-BFF5-6179188CF0DD}
	EndGlobalSection
EndGlobal
